
Microsoft Visual Studio Solution File, Format Version 12.00
# Visual Studio Version 17
VisualStudioVersion = 17.4.33213.308
MinimumVisualStudioVersion = 10.0.40219.1
Project("{FAE04EC0-301F-11D3-BF4B-00C04F79EFBC}") = "PatronState", "PatronState.csproj", "{B0B72475-F977-4D68-94DA-DC07DDB120A7}"
EndProject
Global
	GlobalSection(SolutionConfigurationPlatforms) = preSolution
		Debug|Any CPU = Debug|Any CPU
		Release|Any CPU = Release|Any CPU
	EndGlobalSection
	GlobalSection(ProjectConfigurationPlatforms) = postSolution
		{B0B72475-F977-4D68-94DA-DC07DDB120A7}.Debug|Any CPU.ActiveCfg = Debug|Any CPU
		{B0B72475-F977-4D68-94DA-DC07DDB120A7}.Debug|Any CPU.Build.0 = Debug|Any CPU
		{B0B72475-F977-4D68-94DA-DC07DDB120A7}.Release|Any CPU.ActiveCfg = Release|Any CPU
		{B0B72475-F977-4D68-94DA-DC07DDB120A7}.Release|Any CPU.Build.0 = Release|Any CPU
	EndGlobalSection
	GlobalSection(SolutionProperties) = preSolution
		HideSolutionNode = FALSE
	EndGlobalSection
	GlobalSection(ExtensibilityGlobals) = postSolution
		SolutionGuid = {A30C70BB-CB7F-4C9A-B7B7-722C6F770D18}
	EndGlobalSection
EndGlobal
